
Microsoft Visual Studio Solution File, Format Version 12.00
# Visual Studio Version 16
Project("{8BC9CEB8-8B4A-11D0-8D11-00A0C91BC942}") = "ALL_BUILD", "ALL_BUILD.vcxproj", "{44DFD72F-C700-3491-AE6D-7D1EB1A0B5A2}"
	ProjectSection(ProjectDependencies) = postProject
		{56D9A491-AA33-368D-85B2-4055B2954B49} = {56D9A491-AA33-368D-85B2-4055B2954B49}
		{0FD9144A-AF36-34E4-9036-5F95B2B9EFF5} = {0FD9144A-AF36-34E4-9036-5F95B2B9EFF5}
		{ACD98689-754E-3B0B-91D2-286F25FC6449} = {ACD98689-754E-3B0B-91D2-286F25FC6449}
		{A74B6393-37D9-3260-81B9-F272C7939ACC} = {A74B6393-37D9-3260-81B9-F272C7939ACC}
		{F2D331D8-0F7F-3F77-88E8-1A5245D3F088} = {F2D331D8-0F7F-3F77-88E8-1A5245D3F088}
		{671B8C02-7F6F-3BB6-A95D-7560C8E4C0FD} = {671B8C02-7F6F-3BB6-A95D-7560C8E4C0FD}
		{C8DD9A54-E44D-3D7C-AC7A-76765A3E64C4} = {C8DD9A54-E44D-3D7C-AC7A-76765A3E64C4}
		{C13C0DC5-0DCE-349F-BBE0-3AA93F1BE93F} = {C13C0DC5-0DCE-349F-BBE0-3AA93F1BE93F}
		{34A81D22-E836-307F-ACB3-30D791DAADFC} = {34A81D22-E836-307F-ACB3-30D791DAADFC}
		{EE6479D5-681F-33B7-B0B8-C53B4026C462} = {EE6479D5-681F-33B7-B0B8-C53B4026C462}
		{FC52898C-3729-3E2E-96D2-EE7F6C98FF1E} = {FC52898C-3729-3E2E-96D2-EE7F6C98FF1E}
		{C3E4D2C9-5A6E-3AF4-821F-37A7D8B5B81B} = {C3E4D2C9-5A6E-3AF4-821F-37A7D8B5B81B}
		{BF0DD6C8-A6A3-3CBF-BCE4-539BDB684C2A} = {BF0DD6C8-A6A3-3CBF-BCE4-539BDB684C2A}
		{D220AB4E-0838-360E-9171-8A2992518902} = {D220AB4E-0838-360E-9171-8A2992518902}
		{DE8DCB45-4BD7-36B5-92A3-960D0DB6FF8C} = {DE8DCB45-4BD7-36B5-92A3-960D0DB6FF8C}
		{4D42CE16-BA3F-33DF-BA93-A503D18E359C} = {4D42CE16-BA3F-33DF-BA93-A503D18E359C}
		{B0EBF7CC-1C96-391F-A9F2-12192622EA32} = {B0EBF7CC-1C96-391F-A9F2-12192622EA32}
	EndProjectSection
EndProject
Project("{8BC9CEB8-8B4A-11D0-8D11-00A0C91BC942}") = "Continuous", "Continuous.vcxproj", "{26789956-522E-3F9B-B97D-76E87E405657}"
	ProjectSection(ProjectDependencies) = postProject
		{56D9A491-AA33-368D-85B2-4055B2954B49} = {56D9A491-AA33-368D-85B2-4055B2954B49}
	EndProjectSection
EndProject
Project("{8BC9CEB8-8B4A-11D0-8D11-00A0C91BC942}") = "Experimental", "Experimental.vcxproj", "{0F416D27-5878-3C7C-8533-9DABE106A25E}"
	ProjectSection(ProjectDependencies) = postProject
		{56D9A491-AA33-368D-85B2-4055B2954B49} = {56D9A491-AA33-368D-85B2-4055B2954B49}
	EndProjectSection
EndProject
Project("{8BC9CEB8-8B4A-11D0-8D11-00A0C91BC942}") = "INSTALL", "INSTALL.vcxproj", "{14677454-5A5A-3ED8-AFE2-58650716A0F3}"
	ProjectSection(ProjectDependencies) = postProject
		{44DFD72F-C700-3491-AE6D-7D1EB1A0B5A2} = {44DFD72F-C700-3491-AE6D-7D1EB1A0B5A2}
		{56D9A491-AA33-368D-85B2-4055B2954B49} = {56D9A491-AA33-368D-85B2-4055B2954B49}
	EndProjectSection
EndProject
Project("{8BC9CEB8-8B4A-11D0-8D11-00A0C91BC942}") = "Nightly", "Nightly.vcxproj", "{2756EF41-EC56-3FB3-B2CE-A9E11B7358D8}"
	ProjectSection(ProjectDependencies) = postProject
		{56D9A491-AA33-368D-85B2-4055B2954B49} = {56D9A491-AA33-368D-85B2-4055B2954B49}
	EndProjectSection
EndProject
Project("{8BC9CEB8-8B4A-11D0-8D11-00A0C91BC942}") = "NightlyMemoryCheck", "NightlyMemoryCheck.vcxproj", "{4862FD85-BDE2-3872-9803-E81BF2B1BBCC}"
	ProjectSection(ProjectDependencies) = postProject
		{56D9A491-AA33-368D-85B2-4055B2954B49} = {56D9A491-AA33-368D-85B2-4055B2954B49}
	EndProjectSection
EndProject
Project("{8BC9CEB8-8B4A-11D0-8D11-00A0C91BC942}") = "RUN_TESTS", "RUN_TESTS.vcxproj", "{9E3CA25A-3F33-3178-BBC5-3D30E1F31624}"
	ProjectSection(ProjectDependencies) = postProject
		{56D9A491-AA33-368D-85B2-4055B2954B49} = {56D9A491-AA33-368D-85B2-4055B2954B49}
	EndProjectSection
EndProject
Project("{8BC9CEB8-8B4A-11D0-8D11-00A0C91BC942}") = "ZERO_CHECK", "ZERO_CHECK.vcxproj", "{56D9A491-AA33-368D-85B2-4055B2954B49}"
	ProjectSection(ProjectDependencies) = postProject
	EndProjectSection
EndProject
Project("{8BC9CEB8-8B4A-11D0-8D11-00A0C91BC942}") = "bench", "examples\deprecation-warning\bench.vcxproj", "{0FD9144A-AF36-34E4-9036-5F95B2B9EFF5}"
	ProjectSection(ProjectDependencies) = postProject
		{56D9A491-AA33-368D-85B2-4055B2954B49} = {56D9A491-AA33-368D-85B2-4055B2954B49}
	EndProjectSection
EndProject
Project("{8BC9CEB8-8B4A-11D0-8D11-00A0C91BC942}") = "common", "examples\common.vcxproj", "{ACD98689-754E-3B0B-91D2-286F25FC6449}"
	ProjectSection(ProjectDependencies) = postProject
		{56D9A491-AA33-368D-85B2-4055B2954B49} = {56D9A491-AA33-368D-85B2-4055B2954B49}
		{A74B6393-37D9-3260-81B9-F272C7939ACC} = {A74B6393-37D9-3260-81B9-F272C7939ACC}
		{F2D331D8-0F7F-3F77-88E8-1A5245D3F088} = {F2D331D8-0F7F-3F77-88E8-1A5245D3F088}
		{671B8C02-7F6F-3BB6-A95D-7560C8E4C0FD} = {671B8C02-7F6F-3BB6-A95D-7560C8E4C0FD}
		{EE6479D5-681F-33B7-B0B8-C53B4026C462} = {EE6479D5-681F-33B7-B0B8-C53B4026C462}
	EndProjectSection
EndProject
Project("{8BC9CEB8-8B4A-11D0-8D11-00A0C91BC942}") = "ggml", "ggml\src\ggml.vcxproj", "{A74B6393-37D9-3260-81B9-F272C7939ACC}"
	ProjectSection(ProjectDependencies) = postProject
		{56D9A491-AA33-368D-85B2-4055B2954B49} = {56D9A491-AA33-368D-85B2-4055B2954B49}
		{F2D331D8-0F7F-3F77-88E8-1A5245D3F088} = {F2D331D8-0F7F-3F77-88E8-1A5245D3F088}
		{671B8C02-7F6F-3BB6-A95D-7560C8E4C0FD} = {671B8C02-7F6F-3BB6-A95D-7560C8E4C0FD}
	EndProjectSection
EndProject
Project("{8BC9CEB8-8B4A-11D0-8D11-00A0C91BC942}") = "ggml-base", "ggml\src\ggml-base.vcxproj", "{F2D331D8-0F7F-3F77-88E8-1A5245D3F088}"
	ProjectSection(ProjectDependencies) = postProject
		{56D9A491-AA33-368D-85B2-4055B2954B49} = {56D9A491-AA33-368D-85B2-4055B2954B49}
	EndProjectSection
EndProject
Project("{8BC9CEB8-8B4A-11D0-8D11-00A0C91BC942}") = "ggml-cpu", "ggml\src\ggml-cpu.vcxproj", "{671B8C02-7F6F-3BB6-A95D-7560C8E4C0FD}"
	ProjectSection(ProjectDependencies) = postProject
		{56D9A491-AA33-368D-85B2-4055B2954B49} = {56D9A491-AA33-368D-85B2-4055B2954B49}
		{F2D331D8-0F7F-3F77-88E8-1A5245D3F088} = {F2D331D8-0F7F-3F77-88E8-1A5245D3F088}
	EndProjectSection
EndProject
Project("{8BC9CEB8-8B4A-11D0-8D11-00A0C91BC942}") = "main", "examples\deprecation-warning\main.vcxproj", "{C8DD9A54-E44D-3D7C-AC7A-76765A3E64C4}"
	ProjectSection(ProjectDependencies) = postProject
		{56D9A491-AA33-368D-85B2-4055B2954B49} = {56D9A491-AA33-368D-85B2-4055B2954B49}
	EndProjectSection
EndProject
Project("{8BC9CEB8-8B4A-11D0-8D11-00A0C91BC942}") = "test-vad", "tests\test-vad.vcxproj", "{C13C0DC5-0DCE-349F-BBE0-3AA93F1BE93F}"
	ProjectSection(ProjectDependencies) = postProject
		{56D9A491-AA33-368D-85B2-4055B2954B49} = {56D9A491-AA33-368D-85B2-4055B2954B49}
		{ACD98689-754E-3B0B-91D2-286F25FC6449} = {ACD98689-754E-3B0B-91D2-286F25FC6449}
		{A74B6393-37D9-3260-81B9-F272C7939ACC} = {A74B6393-37D9-3260-81B9-F272C7939ACC}
		{F2D331D8-0F7F-3F77-88E8-1A5245D3F088} = {F2D331D8-0F7F-3F77-88E8-1A5245D3F088}
		{671B8C02-7F6F-3BB6-A95D-7560C8E4C0FD} = {671B8C02-7F6F-3BB6-A95D-7560C8E4C0FD}
		{EE6479D5-681F-33B7-B0B8-C53B4026C462} = {EE6479D5-681F-33B7-B0B8-C53B4026C462}
	EndProjectSection
EndProject
Project("{8BC9CEB8-8B4A-11D0-8D11-00A0C91BC942}") = "test-vad-full", "tests\test-vad-full.vcxproj", "{34A81D22-E836-307F-ACB3-30D791DAADFC}"
	ProjectSection(ProjectDependencies) = postProject
		{56D9A491-AA33-368D-85B2-4055B2954B49} = {56D9A491-AA33-368D-85B2-4055B2954B49}
		{ACD98689-754E-3B0B-91D2-286F25FC6449} = {ACD98689-754E-3B0B-91D2-286F25FC6449}
		{A74B6393-37D9-3260-81B9-F272C7939ACC} = {A74B6393-37D9-3260-81B9-F272C7939ACC}
		{F2D331D8-0F7F-3F77-88E8-1A5245D3F088} = {F2D331D8-0F7F-3F77-88E8-1A5245D3F088}
		{671B8C02-7F6F-3BB6-A95D-7560C8E4C0FD} = {671B8C02-7F6F-3BB6-A95D-7560C8E4C0FD}
		{EE6479D5-681F-33B7-B0B8-C53B4026C462} = {EE6479D5-681F-33B7-B0B8-C53B4026C462}
	EndProjectSection
EndProject
Project("{8BC9CEB8-8B4A-11D0-8D11-00A0C91BC942}") = "whisper", "src\whisper.vcxproj", "{EE6479D5-681F-33B7-B0B8-C53B4026C462}"
	ProjectSection(ProjectDependencies) = postProject
		{56D9A491-AA33-368D-85B2-4055B2954B49} = {56D9A491-AA33-368D-85B2-4055B2954B49}
		{A74B6393-37D9-3260-81B9-F272C7939ACC} = {A74B6393-37D9-3260-81B9-F272C7939ACC}
		{F2D331D8-0F7F-3F77-88E8-1A5245D3F088} = {F2D331D8-0F7F-3F77-88E8-1A5245D3F088}
		{671B8C02-7F6F-3BB6-A95D-7560C8E4C0FD} = {671B8C02-7F6F-3BB6-A95D-7560C8E4C0FD}
		{B0EBF7CC-1C96-391F-A9F2-12192622EA32} = {B0EBF7CC-1C96-391F-A9F2-12192622EA32}
	EndProjectSection
EndProject
Project("{8BC9CEB8-8B4A-11D0-8D11-00A0C91BC942}") = "whisper-bench", "examples\bench\whisper-bench.vcxproj", "{FC52898C-3729-3E2E-96D2-EE7F6C98FF1E}"
	ProjectSection(ProjectDependencies) = postProject
		{56D9A491-AA33-368D-85B2-4055B2954B49} = {56D9A491-AA33-368D-85B2-4055B2954B49}
		{A74B6393-37D9-3260-81B9-F272C7939ACC} = {A74B6393-37D9-3260-81B9-F272C7939ACC}
		{F2D331D8-0F7F-3F77-88E8-1A5245D3F088} = {F2D331D8-0F7F-3F77-88E8-1A5245D3F088}
		{671B8C02-7F6F-3BB6-A95D-7560C8E4C0FD} = {671B8C02-7F6F-3BB6-A95D-7560C8E4C0FD}
		{EE6479D5-681F-33B7-B0B8-C53B4026C462} = {EE6479D5-681F-33B7-B0B8-C53B4026C462}
	EndProjectSection
EndProject
Project("{8BC9CEB8-8B4A-11D0-8D11-00A0C91BC942}") = "whisper-cli", "examples\cli\whisper-cli.vcxproj", "{C3E4D2C9-5A6E-3AF4-821F-37A7D8B5B81B}"
	ProjectSection(ProjectDependencies) = postProject
		{56D9A491-AA33-368D-85B2-4055B2954B49} = {56D9A491-AA33-368D-85B2-4055B2954B49}
		{ACD98689-754E-3B0B-91D2-286F25FC6449} = {ACD98689-754E-3B0B-91D2-286F25FC6449}
		{A74B6393-37D9-3260-81B9-F272C7939ACC} = {A74B6393-37D9-3260-81B9-F272C7939ACC}
		{F2D331D8-0F7F-3F77-88E8-1A5245D3F088} = {F2D331D8-0F7F-3F77-88E8-1A5245D3F088}
		{671B8C02-7F6F-3BB6-A95D-7560C8E4C0FD} = {671B8C02-7F6F-3BB6-A95D-7560C8E4C0FD}
		{EE6479D5-681F-33B7-B0B8-C53B4026C462} = {EE6479D5-681F-33B7-B0B8-C53B4026C462}
	EndProjectSection
EndProject
Project("{8BC9CEB8-8B4A-11D0-8D11-00A0C91BC942}") = "whisper-quantize", "examples\quantize\whisper-quantize.vcxproj", "{BF0DD6C8-A6A3-3CBF-BCE4-539BDB684C2A}"
	ProjectSection(ProjectDependencies) = postProject
		{56D9A491-AA33-368D-85B2-4055B2954B49} = {56D9A491-AA33-368D-85B2-4055B2954B49}
		{ACD98689-754E-3B0B-91D2-286F25FC6449} = {ACD98689-754E-3B0B-91D2-286F25FC6449}
		{A74B6393-37D9-3260-81B9-F272C7939ACC} = {A74B6393-37D9-3260-81B9-F272C7939ACC}
		{F2D331D8-0F7F-3F77-88E8-1A5245D3F088} = {F2D331D8-0F7F-3F77-88E8-1A5245D3F088}
		{671B8C02-7F6F-3BB6-A95D-7560C8E4C0FD} = {671B8C02-7F6F-3BB6-A95D-7560C8E4C0FD}
		{EE6479D5-681F-33B7-B0B8-C53B4026C462} = {EE6479D5-681F-33B7-B0B8-C53B4026C462}
	EndProjectSection
EndProject
Project("{8BC9CEB8-8B4A-11D0-8D11-00A0C91BC942}") = "whisper-server", "examples\server\whisper-server.vcxproj", "{D220AB4E-0838-360E-9171-8A2992518902}"
	ProjectSection(ProjectDependencies) = postProject
		{56D9A491-AA33-368D-85B2-4055B2954B49} = {56D9A491-AA33-368D-85B2-4055B2954B49}
		{ACD98689-754E-3B0B-91D2-286F25FC6449} = {ACD98689-754E-3B0B-91D2-286F25FC6449}
		{A74B6393-37D9-3260-81B9-F272C7939ACC} = {A74B6393-37D9-3260-81B9-F272C7939ACC}
		{F2D331D8-0F7F-3F77-88E8-1A5245D3F088} = {F2D331D8-0F7F-3F77-88E8-1A5245D3F088}
		{671B8C02-7F6F-3BB6-A95D-7560C8E4C0FD} = {671B8C02-7F6F-3BB6-A95D-7560C8E4C0FD}
		{EE6479D5-681F-33B7-B0B8-C53B4026C462} = {EE6479D5-681F-33B7-B0B8-C53B4026C462}
	EndProjectSection
EndProject
Project("{8BC9CEB8-8B4A-11D0-8D11-00A0C91BC942}") = "whisper-stream-loopback", "examples\stream-loopback\whisper-stream-loopback.vcxproj", "{DE8DCB45-4BD7-36B5-92A3-960D0DB6FF8C}"
	ProjectSection(ProjectDependencies) = postProject
		{56D9A491-AA33-368D-85B2-4055B2954B49} = {56D9A491-AA33-368D-85B2-4055B2954B49}
		{ACD98689-754E-3B0B-91D2-286F25FC6449} = {ACD98689-754E-3B0B-91D2-286F25FC6449}
		{A74B6393-37D9-3260-81B9-F272C7939ACC} = {A74B6393-37D9-3260-81B9-F272C7939ACC}
		{F2D331D8-0F7F-3F77-88E8-1A5245D3F088} = {F2D331D8-0F7F-3F77-88E8-1A5245D3F088}
		{671B8C02-7F6F-3BB6-A95D-7560C8E4C0FD} = {671B8C02-7F6F-3BB6-A95D-7560C8E4C0FD}
		{EE6479D5-681F-33B7-B0B8-C53B4026C462} = {EE6479D5-681F-33B7-B0B8-C53B4026C462}
	EndProjectSection
EndProject
Project("{8BC9CEB8-8B4A-11D0-8D11-00A0C91BC942}") = "whisper-vad-speech-segments", "examples\vad-speech-segments\whisper-vad-speech-segments.vcxproj", "{4D42CE16-BA3F-33DF-BA93-A503D18E359C}"
	ProjectSection(ProjectDependencies) = postProject
		{56D9A491-AA33-368D-85B2-4055B2954B49} = {56D9A491-AA33-368D-85B2-4055B2954B49}
		{ACD98689-754E-3B0B-91D2-286F25FC6449} = {ACD98689-754E-3B0B-91D2-286F25FC6449}
		{A74B6393-37D9-3260-81B9-F272C7939ACC} = {A74B6393-37D9-3260-81B9-F272C7939ACC}
		{F2D331D8-0F7F-3F77-88E8-1A5245D3F088} = {F2D331D8-0F7F-3F77-88E8-1A5245D3F088}
		{671B8C02-7F6F-3BB6-A95D-7560C8E4C0FD} = {671B8C02-7F6F-3BB6-A95D-7560C8E4C0FD}
		{EE6479D5-681F-33B7-B0B8-C53B4026C462} = {EE6479D5-681F-33B7-B0B8-C53B4026C462}
	EndProjectSection
EndProject
Project("{8BC9CEB8-8B4A-11D0-8D11-00A0C91BC942}") = "whisper.openvino", "src\whisper.openvino.vcxproj", "{B0EBF7CC-1C96-391F-A9F2-12192622EA32}"
	ProjectSection(ProjectDependencies) = postProject
		{56D9A491-AA33-368D-85B2-4055B2954B49} = {56D9A491-AA33-368D-85B2-4055B2954B49}
		{A74B6393-37D9-3260-81B9-F272C7939ACC} = {A74B6393-37D9-3260-81B9-F272C7939ACC}
		{F2D331D8-0F7F-3F77-88E8-1A5245D3F088} = {F2D331D8-0F7F-3F77-88E8-1A5245D3F088}
		{671B8C02-7F6F-3BB6-A95D-7560C8E4C0FD} = {671B8C02-7F6F-3BB6-A95D-7560C8E4C0FD}
	EndProjectSection
EndProject
Global
	GlobalSection(SolutionConfigurationPlatforms) = preSolution
		Debug|x64 = Debug|x64
		Release|x64 = Release|x64
		MinSizeRel|x64 = MinSizeRel|x64
		RelWithDebInfo|x64 = RelWithDebInfo|x64
	EndGlobalSection
	GlobalSection(ProjectConfigurationPlatforms) = postSolution
		{44DFD72F-C700-3491-AE6D-7D1EB1A0B5A2}.Debug|x64.ActiveCfg = Debug|x64
		{44DFD72F-C700-3491-AE6D-7D1EB1A0B5A2}.Debug|x64.Build.0 = Debug|x64
		{44DFD72F-C700-3491-AE6D-7D1EB1A0B5A2}.Release|x64.ActiveCfg = Release|x64
		{44DFD72F-C700-3491-AE6D-7D1EB1A0B5A2}.Release|x64.Build.0 = Release|x64
		{44DFD72F-C700-3491-AE6D-7D1EB1A0B5A2}.MinSizeRel|x64.ActiveCfg = MinSizeRel|x64
		{44DFD72F-C700-3491-AE6D-7D1EB1A0B5A2}.MinSizeRel|x64.Build.0 = MinSizeRel|x64
		{44DFD72F-C700-3491-AE6D-7D1EB1A0B5A2}.RelWithDebInfo|x64.ActiveCfg = RelWithDebInfo|x64
		{44DFD72F-C700-3491-AE6D-7D1EB1A0B5A2}.RelWithDebInfo|x64.Build.0 = RelWithDebInfo|x64
		{26789956-522E-3F9B-B97D-76E87E405657}.Debug|x64.ActiveCfg = Debug|x64
		{26789956-522E-3F9B-B97D-76E87E405657}.Release|x64.ActiveCfg = Release|x64
		{26789956-522E-3F9B-B97D-76E87E405657}.MinSizeRel|x64.ActiveCfg = MinSizeRel|x64
		{26789956-522E-3F9B-B97D-76E87E405657}.RelWithDebInfo|x64.ActiveCfg = RelWithDebInfo|x64
		{0F416D27-5878-3C7C-8533-9DABE106A25E}.Debug|x64.ActiveCfg = Debug|x64
		{0F416D27-5878-3C7C-8533-9DABE106A25E}.Release|x64.ActiveCfg = Release|x64
		{0F416D27-5878-3C7C-8533-9DABE106A25E}.MinSizeRel|x64.ActiveCfg = MinSizeRel|x64
		{0F416D27-5878-3C7C-8533-9DABE106A25E}.RelWithDebInfo|x64.ActiveCfg = RelWithDebInfo|x64
		{14677454-5A5A-3ED8-AFE2-58650716A0F3}.Debug|x64.ActiveCfg = Debug|x64
		{14677454-5A5A-3ED8-AFE2-58650716A0F3}.Release|x64.ActiveCfg = Release|x64
		{14677454-5A5A-3ED8-AFE2-58650716A0F3}.MinSizeRel|x64.ActiveCfg = MinSizeRel|x64
		{14677454-5A5A-3ED8-AFE2-58650716A0F3}.RelWithDebInfo|x64.ActiveCfg = RelWithDebInfo|x64
		{2756EF41-EC56-3FB3-B2CE-A9E11B7358D8}.Debug|x64.ActiveCfg = Debug|x64
		{2756EF41-EC56-3FB3-B2CE-A9E11B7358D8}.Release|x64.ActiveCfg = Release|x64
		{2756EF41-EC56-3FB3-B2CE-A9E11B7358D8}.MinSizeRel|x64.ActiveCfg = MinSizeRel|x64
		{2756EF41-EC56-3FB3-B2CE-A9E11B7358D8}.RelWithDebInfo|x64.ActiveCfg = RelWithDebInfo|x64
		{4862FD85-BDE2-3872-9803-E81BF2B1BBCC}.Debug|x64.ActiveCfg = Debug|x64
		{4862FD85-BDE2-3872-9803-E81BF2B1BBCC}.Release|x64.ActiveCfg = Release|x64
		{4862FD85-BDE2-3872-9803-E81BF2B1BBCC}.MinSizeRel|x64.ActiveCfg = MinSizeRel|x64
		{4862FD85-BDE2-3872-9803-E81BF2B1BBCC}.RelWithDebInfo|x64.ActiveCfg = RelWithDebInfo|x64
		{9E3CA25A-3F33-3178-BBC5-3D30E1F31624}.Debug|x64.ActiveCfg = Debug|x64
		{9E3CA25A-3F33-3178-BBC5-3D30E1F31624}.Release|x64.ActiveCfg = Release|x64
		{9E3CA25A-3F33-3178-BBC5-3D30E1F31624}.MinSizeRel|x64.ActiveCfg = MinSizeRel|x64
		{9E3CA25A-3F33-3178-BBC5-3D30E1F31624}.RelWithDebInfo|x64.ActiveCfg = RelWithDebInfo|x64
		{56D9A491-AA33-368D-85B2-4055B2954B49}.Debug|x64.ActiveCfg = Debug|x64
		{56D9A491-AA33-368D-85B2-4055B2954B49}.Debug|x64.Build.0 = Debug|x64
		{56D9A491-AA33-368D-85B2-4055B2954B49}.Release|x64.ActiveCfg = Release|x64
		{56D9A491-AA33-368D-85B2-4055B2954B49}.Release|x64.Build.0 = Release|x64
		{56D9A491-AA33-368D-85B2-4055B2954B49}.MinSizeRel|x64.ActiveCfg = MinSizeRel|x64
		{56D9A491-AA33-368D-85B2-4055B2954B49}.MinSizeRel|x64.Build.0 = MinSizeRel|x64
		{56D9A491-AA33-368D-85B2-4055B2954B49}.RelWithDebInfo|x64.ActiveCfg = RelWithDebInfo|x64
		{56D9A491-AA33-368D-85B2-4055B2954B49}.RelWithDebInfo|x64.Build.0 = RelWithDebInfo|x64
		{0FD9144A-AF36-34E4-9036-5F95B2B9EFF5}.Debug|x64.ActiveCfg = Debug|x64
		{0FD9144A-AF36-34E4-9036-5F95B2B9EFF5}.Debug|x64.Build.0 = Debug|x64
		{0FD9144A-AF36-34E4-9036-5F95B2B9EFF5}.Release|x64.ActiveCfg = Release|x64
		{0FD9144A-AF36-34E4-9036-5F95B2B9EFF5}.Release|x64.Build.0 = Release|x64
		{0FD9144A-AF36-34E4-9036-5F95B2B9EFF5}.MinSizeRel|x64.ActiveCfg = MinSizeRel|x64
		{0FD9144A-AF36-34E4-9036-5F95B2B9EFF5}.MinSizeRel|x64.Build.0 = MinSizeRel|x64
		{0FD9144A-AF36-34E4-9036-5F95B2B9EFF5}.RelWithDebInfo|x64.ActiveCfg = RelWithDebInfo|x64
		{0FD9144A-AF36-34E4-9036-5F95B2B9EFF5}.RelWithDebInfo|x64.Build.0 = RelWithDebInfo|x64
		{ACD98689-754E-3B0B-91D2-286F25FC6449}.Debug|x64.ActiveCfg = Debug|x64
		{ACD98689-754E-3B0B-91D2-286F25FC6449}.Debug|x64.Build.0 = Debug|x64
		{ACD98689-754E-3B0B-91D2-286F25FC6449}.Release|x64.ActiveCfg = Release|x64
		{ACD98689-754E-3B0B-91D2-286F25FC6449}.Release|x64.Build.0 = Release|x64
		{ACD98689-754E-3B0B-91D2-286F25FC6449}.MinSizeRel|x64.ActiveCfg = MinSizeRel|x64
		{ACD98689-754E-3B0B-91D2-286F25FC6449}.MinSizeRel|x64.Build.0 = MinSizeRel|x64
		{ACD98689-754E-3B0B-91D2-286F25FC6449}.RelWithDebInfo|x64.ActiveCfg = RelWithDebInfo|x64
		{ACD98689-754E-3B0B-91D2-286F25FC6449}.RelWithDebInfo|x64.Build.0 = RelWithDebInfo|x64
		{A74B6393-37D9-3260-81B9-F272C7939ACC}.Debug|x64.ActiveCfg = Debug|x64
		{A74B6393-37D9-3260-81B9-F272C7939ACC}.Debug|x64.Build.0 = Debug|x64
		{A74B6393-37D9-3260-81B9-F272C7939ACC}.Release|x64.ActiveCfg = Release|x64
		{A74B6393-37D9-3260-81B9-F272C7939ACC}.Release|x64.Build.0 = Release|x64
		{A74B6393-37D9-3260-81B9-F272C7939ACC}.MinSizeRel|x64.ActiveCfg = MinSizeRel|x64
		{A74B6393-37D9-3260-81B9-F272C7939ACC}.MinSizeRel|x64.Build.0 = MinSizeRel|x64
		{A74B6393-37D9-3260-81B9-F272C7939ACC}.RelWithDebInfo|x64.ActiveCfg = RelWithDebInfo|x64
		{A74B6393-37D9-3260-81B9-F272C7939ACC}.RelWithDebInfo|x64.Build.0 = RelWithDebInfo|x64
		{F2D331D8-0F7F-3F77-88E8-1A5245D3F088}.Debug|x64.ActiveCfg = Debug|x64
		{F2D331D8-0F7F-3F77-88E8-1A5245D3F088}.Debug|x64.Build.0 = Debug|x64
		{F2D331D8-0F7F-3F77-88E8-1A5245D3F088}.Release|x64.ActiveCfg = Release|x64
		{F2D331D8-0F7F-3F77-88E8-1A5245D3F088}.Release|x64.Build.0 = Release|x64
		{F2D331D8-0F7F-3F77-88E8-1A5245D3F088}.MinSizeRel|x64.ActiveCfg = MinSizeRel|x64
		{F2D331D8-0F7F-3F77-88E8-1A5245D3F088}.MinSizeRel|x64.Build.0 = MinSizeRel|x64
		{F2D331D8-0F7F-3F77-88E8-1A5245D3F088}.RelWithDebInfo|x64.ActiveCfg = RelWithDebInfo|x64
		{F2D331D8-0F7F-3F77-88E8-1A5245D3F088}.RelWithDebInfo|x64.Build.0 = RelWithDebInfo|x64
		{671B8C02-7F6F-3BB6-A95D-7560C8E4C0FD}.Debug|x64.ActiveCfg = Debug|x64
		{671B8C02-7F6F-3BB6-A95D-7560C8E4C0FD}.Debug|x64.Build.0 = Debug|x64
		{671B8C02-7F6F-3BB6-A95D-7560C8E4C0FD}.Release|x64.ActiveCfg = Release|x64
		{671B8C02-7F6F-3BB6-A95D-7560C8E4C0FD}.Release|x64.Build.0 = Release|x64
		{671B8C02-7F6F-3BB6-A95D-7560C8E4C0FD}.MinSizeRel|x64.ActiveCfg = MinSizeRel|x64
		{671B8C02-7F6F-3BB6-A95D-7560C8E4C0FD}.MinSizeRel|x64.Build.0 = MinSizeRel|x64
		{671B8C02-7F6F-3BB6-A95D-7560C8E4C0FD}.RelWithDebInfo|x64.ActiveCfg = RelWithDebInfo|x64
		{671B8C02-7F6F-3BB6-A95D-7560C8E4C0FD}.RelWithDebInfo|x64.Build.0 = RelWithDebInfo|x64
		{C8DD9A54-E44D-3D7C-AC7A-76765A3E64C4}.Debug|x64.ActiveCfg = Debug|x64
		{C8DD9A54-E44D-3D7C-AC7A-76765A3E64C4}.Debug|x64.Build.0 = Debug|x64
		{C8DD9A54-E44D-3D7C-AC7A-76765A3E64C4}.Release|x64.ActiveCfg = Release|x64
		{C8DD9A54-E44D-3D7C-AC7A-76765A3E64C4}.Release|x64.Build.0 = Release|x64
		{C8DD9A54-E44D-3D7C-AC7A-76765A3E64C4}.MinSizeRel|x64.ActiveCfg = MinSizeRel|x64
		{C8DD9A54-E44D-3D7C-AC7A-76765A3E64C4}.MinSizeRel|x64.Build.0 = MinSizeRel|x64
		{C8DD9A54-E44D-3D7C-AC7A-76765A3E64C4}.RelWithDebInfo|x64.ActiveCfg = RelWithDebInfo|x64
		{C8DD9A54-E44D-3D7C-AC7A-76765A3E64C4}.RelWithDebInfo|x64.Build.0 = RelWithDebInfo|x64
		{C13C0DC5-0DCE-349F-BBE0-3AA93F1BE93F}.Debug|x64.ActiveCfg = Debug|x64
		{C13C0DC5-0DCE-349F-BBE0-3AA93F1BE93F}.Debug|x64.Build.0 = Debug|x64
		{C13C0DC5-0DCE-349F-BBE0-3AA93F1BE93F}.Release|x64.ActiveCfg = Release|x64
		{C13C0DC5-0DCE-349F-BBE0-3AA93F1BE93F}.Release|x64.Build.0 = Release|x64
		{C13C0DC5-0DCE-349F-BBE0-3AA93F1BE93F}.MinSizeRel|x64.ActiveCfg = MinSizeRel|x64
		{C13C0DC5-0DCE-349F-BBE0-3AA93F1BE93F}.MinSizeRel|x64.Build.0 = MinSizeRel|x64
		{C13C0DC5-0DCE-349F-BBE0-3AA93F1BE93F}.RelWithDebInfo|x64.ActiveCfg = RelWithDebInfo|x64
		{C13C0DC5-0DCE-349F-BBE0-3AA93F1BE93F}.RelWithDebInfo|x64.Build.0 = RelWithDebInfo|x64
		{34A81D22-E836-307F-ACB3-30D791DAADFC}.Debug|x64.ActiveCfg = Debug|x64
		{34A81D22-E836-307F-ACB3-30D791DAADFC}.Debug|x64.Build.0 = Debug|x64
		{34A81D22-E836-307F-ACB3-30D791DAADFC}.Release|x64.ActiveCfg = Release|x64
		{34A81D22-E836-307F-ACB3-30D791DAADFC}.Release|x64.Build.0 = Release|x64
		{34A81D22-E836-307F-ACB3-30D791DAADFC}.MinSizeRel|x64.ActiveCfg = MinSizeRel|x64
		{34A81D22-E836-307F-ACB3-30D791DAADFC}.MinSizeRel|x64.Build.0 = MinSizeRel|x64
		{34A81D22-E836-307F-ACB3-30D791DAADFC}.RelWithDebInfo|x64.ActiveCfg = RelWithDebInfo|x64
		{34A81D22-E836-307F-ACB3-30D791DAADFC}.RelWithDebInfo|x64.Build.0 = RelWithDebInfo|x64
		{EE6479D5-681F-33B7-B0B8-C53B4026C462}.Debug|x64.ActiveCfg = Debug|x64
		{EE6479D5-681F-33B7-B0B8-C53B4026C462}.Debug|x64.Build.0 = Debug|x64
		{EE6479D5-681F-33B7-B0B8-C53B4026C462}.Release|x64.ActiveCfg = Release|x64
		{EE6479D5-681F-33B7-B0B8-C53B4026C462}.Release|x64.Build.0 = Release|x64
		{EE6479D5-681F-33B7-B0B8-C53B4026C462}.MinSizeRel|x64.ActiveCfg = MinSizeRel|x64
		{EE6479D5-681F-33B7-B0B8-C53B4026C462}.MinSizeRel|x64.Build.0 = MinSizeRel|x64
		{EE6479D5-681F-33B7-B0B8-C53B4026C462}.RelWithDebInfo|x64.ActiveCfg = RelWithDebInfo|x64
		{EE6479D5-681F-33B7-B0B8-C53B4026C462}.RelWithDebInfo|x64.Build.0 = RelWithDebInfo|x64
		{FC52898C-3729-3E2E-96D2-EE7F6C98FF1E}.Debug|x64.ActiveCfg = Debug|x64
		{FC52898C-3729-3E2E-96D2-EE7F6C98FF1E}.Debug|x64.Build.0 = Debug|x64
		{FC52898C-3729-3E2E-96D2-EE7F6C98FF1E}.Release|x64.ActiveCfg = Release|x64
		{FC52898C-3729-3E2E-96D2-EE7F6C98FF1E}.Release|x64.Build.0 = Release|x64
		{FC52898C-3729-3E2E-96D2-EE7F6C98FF1E}.MinSizeRel|x64.ActiveCfg = MinSizeRel|x64
		{FC52898C-3729-3E2E-96D2-EE7F6C98FF1E}.MinSizeRel|x64.Build.0 = MinSizeRel|x64
		{FC52898C-3729-3E2E-96D2-EE7F6C98FF1E}.RelWithDebInfo|x64.ActiveCfg = RelWithDebInfo|x64
		{FC52898C-3729-3E2E-96D2-EE7F6C98FF1E}.RelWithDebInfo|x64.Build.0 = RelWithDebInfo|x64
		{C3E4D2C9-5A6E-3AF4-821F-37A7D8B5B81B}.Debug|x64.ActiveCfg = Debug|x64
		{C3E4D2C9-5A6E-3AF4-821F-37A7D8B5B81B}.Debug|x64.Build.0 = Debug|x64
		{C3E4D2C9-5A6E-3AF4-821F-37A7D8B5B81B}.Release|x64.ActiveCfg = Release|x64
		{C3E4D2C9-5A6E-3AF4-821F-37A7D8B5B81B}.Release|x64.Build.0 = Release|x64
		{C3E4D2C9-5A6E-3AF4-821F-37A7D8B5B81B}.MinSizeRel|x64.ActiveCfg = MinSizeRel|x64
		{C3E4D2C9-5A6E-3AF4-821F-37A7D8B5B81B}.MinSizeRel|x64.Build.0 = MinSizeRel|x64
		{C3E4D2C9-5A6E-3AF4-821F-37A7D8B5B81B}.RelWithDebInfo|x64.ActiveCfg = RelWithDebInfo|x64
		{C3E4D2C9-5A6E-3AF4-821F-37A7D8B5B81B}.RelWithDebInfo|x64.Build.0 = RelWithDebInfo|x64
		{BF0DD6C8-A6A3-3CBF-BCE4-539BDB684C2A}.Debug|x64.ActiveCfg = Debug|x64
		{BF0DD6C8-A6A3-3CBF-BCE4-539BDB684C2A}.Debug|x64.Build.0 = Debug|x64
		{BF0DD6C8-A6A3-3CBF-BCE4-539BDB684C2A}.Release|x64.ActiveCfg = Release|x64
		{BF0DD6C8-A6A3-3CBF-BCE4-539BDB684C2A}.Release|x64.Build.0 = Release|x64
		{BF0DD6C8-A6A3-3CBF-BCE4-539BDB684C2A}.MinSizeRel|x64.ActiveCfg = MinSizeRel|x64
		{BF0DD6C8-A6A3-3CBF-BCE4-539BDB684C2A}.MinSizeRel|x64.Build.0 = MinSizeRel|x64
		{BF0DD6C8-A6A3-3CBF-BCE4-539BDB684C2A}.RelWithDebInfo|x64.ActiveCfg = RelWithDebInfo|x64
		{BF0DD6C8-A6A3-3CBF-BCE4-539BDB684C2A}.RelWithDebInfo|x64.Build.0 = RelWithDebInfo|x64
		{D220AB4E-0838-360E-9171-8A2992518902}.Debug|x64.ActiveCfg = Debug|x64
		{D220AB4E-0838-360E-9171-8A2992518902}.Debug|x64.Build.0 = Debug|x64
		{D220AB4E-0838-360E-9171-8A2992518902}.Release|x64.ActiveCfg = Release|x64
		{D220AB4E-0838-360E-9171-8A2992518902}.Release|x64.Build.0 = Release|x64
		{D220AB4E-0838-360E-9171-8A2992518902}.MinSizeRel|x64.ActiveCfg = MinSizeRel|x64
		{D220AB4E-0838-360E-9171-8A2992518902}.MinSizeRel|x64.Build.0 = MinSizeRel|x64
		{D220AB4E-0838-360E-9171-8A2992518902}.RelWithDebInfo|x64.ActiveCfg = RelWithDebInfo|x64
		{D220AB4E-0838-360E-9171-8A2992518902}.RelWithDebInfo|x64.Build.0 = RelWithDebInfo|x64
		{DE8DCB45-4BD7-36B5-92A3-960D0DB6FF8C}.Debug|x64.ActiveCfg = Debug|x64
		{DE8DCB45-4BD7-36B5-92A3-960D0DB6FF8C}.Debug|x64.Build.0 = Debug|x64
		{DE8DCB45-4BD7-36B5-92A3-960D0DB6FF8C}.Release|x64.ActiveCfg = Release|x64
		{DE8DCB45-4BD7-36B5-92A3-960D0DB6FF8C}.Release|x64.Build.0 = Release|x64
		{DE8DCB45-4BD7-36B5-92A3-960D0DB6FF8C}.MinSizeRel|x64.ActiveCfg = MinSizeRel|x64
		{DE8DCB45-4BD7-36B5-92A3-960D0DB6FF8C}.MinSizeRel|x64.Build.0 = MinSizeRel|x64
		{DE8DCB45-4BD7-36B5-92A3-960D0DB6FF8C}.RelWithDebInfo|x64.ActiveCfg = RelWithDebInfo|x64
		{DE8DCB45-4BD7-36B5-92A3-960D0DB6FF8C}.RelWithDebInfo|x64.Build.0 = RelWithDebInfo|x64
		{4D42CE16-BA3F-33DF-BA93-A503D18E359C}.Debug|x64.ActiveCfg = Debug|x64
		{4D42CE16-BA3F-33DF-BA93-A503D18E359C}.Debug|x64.Build.0 = Debug|x64
		{4D42CE16-BA3F-33DF-BA93-A503D18E359C}.Release|x64.ActiveCfg = Release|x64
		{4D42CE16-BA3F-33DF-BA93-A503D18E359C}.Release|x64.Build.0 = Release|x64
		{4D42CE16-BA3F-33DF-BA93-A503D18E359C}.MinSizeRel|x64.ActiveCfg = MinSizeRel|x64
		{4D42CE16-BA3F-33DF-BA93-A503D18E359C}.MinSizeRel|x64.Build.0 = MinSizeRel|x64
		{4D42CE16-BA3F-33DF-BA93-A503D18E359C}.RelWithDebInfo|x64.ActiveCfg = RelWithDebInfo|x64
		{4D42CE16-BA3F-33DF-BA93-A503D18E359C}.RelWithDebInfo|x64.Build.0 = RelWithDebInfo|x64
		{B0EBF7CC-1C96-391F-A9F2-12192622EA32}.Debug|x64.ActiveCfg = Debug|x64
		{B0EBF7CC-1C96-391F-A9F2-12192622EA32}.Debug|x64.Build.0 = Debug|x64
		{B0EBF7CC-1C96-391F-A9F2-12192622EA32}.Release|x64.ActiveCfg = Release|x64
		{B0EBF7CC-1C96-391F-A9F2-12192622EA32}.Release|x64.Build.0 = Release|x64
		{B0EBF7CC-1C96-391F-A9F2-12192622EA32}.MinSizeRel|x64.ActiveCfg = MinSizeRel|x64
		{B0EBF7CC-1C96-391F-A9F2-12192622EA32}.MinSizeRel|x64.Build.0 = MinSizeRel|x64
		{B0EBF7CC-1C96-391F-A9F2-12192622EA32}.RelWithDebInfo|x64.ActiveCfg = RelWithDebInfo|x64
		{B0EBF7CC-1C96-391F-A9F2-12192622EA32}.RelWithDebInfo|x64.Build.0 = RelWithDebInfo|x64
	EndGlobalSection
	GlobalSection(ExtensibilityGlobals) = postSolution
		SolutionGuid = {8A82EF63-0DEC-3F94-A275-C2F3F3273FA1}
	EndGlobalSection
	GlobalSection(ExtensibilityAddIns) = postSolution
	EndGlobalSection
EndGlobal
