<?xml version="1.0" encoding="utf-8"?>
<Project ToolsVersion="16.0" xmlns="http://schemas.microsoft.com/developer/msbuild/2003">
  <ItemGroup>
    <ClCompile Include="C:\Users\alten\Desktop\ku\local-meeting-stt\whisper_cpp\src_vulkan_loopback\examples\common.cpp">
      <Filter>Source Files</Filter>
    </ClCompile>
    <ClCompile Include="C:\Users\alten\Desktop\ku\local-meeting-stt\whisper_cpp\src_vulkan_loopback\examples\common-ggml.cpp">
      <Filter>Source Files</Filter>
    </ClCompile>
    <ClCompile Include="C:\Users\alten\Desktop\ku\local-meeting-stt\whisper_cpp\src_vulkan_loopback\examples\common-whisper.cpp">
      <Filter>Source Files</Filter>
    </ClCompile>
    <ClCompile Include="C:\Users\alten\Desktop\ku\local-meeting-stt\whisper_cpp\src_vulkan_loopback\examples\grammar-parser.cpp">
      <Filter>Source Files</Filter>
    </ClCompile>
  </ItemGroup>
  <ItemGroup>
    <ClInclude Include="C:\Users\alten\Desktop\ku\local-meeting-stt\whisper_cpp\src_vulkan_loopback\examples\common.h">
      <Filter>Header Files</Filter>
    </ClInclude>
    <ClInclude Include="C:\Users\alten\Desktop\ku\local-meeting-stt\whisper_cpp\src_vulkan_loopback\examples\common-ggml.h">
      <Filter>Header Files</Filter>
    </ClInclude>
    <ClInclude Include="C:\Users\alten\Desktop\ku\local-meeting-stt\whisper_cpp\src_vulkan_loopback\examples\common-whisper.h">
      <Filter>Header Files</Filter>
    </ClInclude>
    <ClInclude Include="C:\Users\alten\Desktop\ku\local-meeting-stt\whisper_cpp\src_vulkan_loopback\examples\grammar-parser.h">
      <Filter>Header Files</Filter>
    </ClInclude>
  </ItemGroup>
  <ItemGroup>
    <CustomBuild Include="C:\Users\alten\Desktop\ku\local-meeting-stt\whisper_cpp\src_vulkan_loopback\examples\CMakeLists.txt" />
  </ItemGroup>
  <ItemGroup>
    <Filter Include="Header Files">
      <UniqueIdentifier>{9F4F3CB9-D8D9-3D34-848D-6C321F226971}</UniqueIdentifier>
    </Filter>
    <Filter Include="Source Files">
      <UniqueIdentifier>{E6886C39-AE59-3783-BBB1-CB5EE7406689}</UniqueIdentifier>
    </Filter>
  </ItemGroup>
</Project>
